# This is a Gradle generated file for dependency locking.
# Manual edits can break the build and are not advised.
# This file is expected to be part of source control.
com.amazonaws:aws-java-sdk-bom:1.12.580=compileClasspath
com.azure:azure-sdk-bom:1.2.18=compileClasspath
com.fasterxml.jackson.core:jackson-annotations:2.15.3=compileClasspath
com.fasterxml.jackson.core:jackson-core:2.15.3=compileClasspath
com.fasterxml.jackson:jackson-bom:2.15.3=compileClasspath
com.github.javaparser:javaparser-core:3.25.7=compileClasspath
com.github.javaparser:javaparser-symbol-solver-core:3.25.7=compileClasspath
com.google.protobuf:protobuf-bom:3.25.1=compileClasspath
com.oracle.coherence.ce:coherence-bom:23.03=compileClasspath
io.grpc:grpc-bom:1.59.1=compileClasspath
io.kotest:kotest-bom:5.7.2=compileClasspath
io.ktor:ktor-bom:2.3.5=compileClasspath
io.micrometer:micrometer-bom:1.11.5=compileClasspath
io.micronaut.acme:micronaut-acme-bom:4.1.0=compileClasspath
io.micronaut.aot:micronaut-aot-bom:2.1.1=compileClasspath
io.micronaut.aws:micronaut-aws-bom:4.1.4=compileClasspath
io.micronaut.azure:micronaut-azure-bom:5.1.0=compileClasspath
io.micronaut.beanvalidation:micronaut-hibernate-validator-bom:4.1.0=compileClasspath
io.micronaut.cache:micronaut-cache-bom:4.1.2=compileClasspath
io.micronaut.cassandra:micronaut-cassandra-bom:6.1.1=compileClasspath
io.micronaut.chatbots:micronaut-chatbots-bom:2.0.0-M6=compileClasspath
io.micronaut.coherence:micronaut-coherence-bom:4.0.0=compileClasspath
io.micronaut.controlpanel:micronaut-control-panel-bom:1.1.0=compileClasspath
io.micronaut.crac:micronaut-crac-bom:2.1.0=compileClasspath
io.micronaut.data:micronaut-data-bom:4.3.1=compileClasspath
io.micronaut.discovery:micronaut-discovery-client-bom:4.1.0=compileClasspath
io.micronaut.elasticsearch:micronaut-elasticsearch-bom:5.1.0=compileClasspath
io.micronaut.email:micronaut-email-bom:2.3.0=compileClasspath
io.micronaut.flyway:micronaut-flyway-bom:6.2.1=compileClasspath
io.micronaut.gcp:micronaut-gcp-bom:5.3.0=compileClasspath
io.micronaut.graphql:micronaut-graphql-bom:4.1.0=compileClasspath
io.micronaut.groovy:micronaut-groovy-bom:4.1.0=compileClasspath
io.micronaut.grpc:micronaut-grpc-bom:4.2.0=compileClasspath
io.micronaut.jaxrs:micronaut-jaxrs-bom:4.2.0=compileClasspath
io.micronaut.jms:micronaut-jms-bom:3.1.0=compileClasspath
io.micronaut.jmx:micronaut-jmx-bom:4.1.0=compileClasspath
io.micronaut.kafka:micronaut-kafka-bom:5.2.0=compileClasspath
io.micronaut.kotlin:micronaut-kotlin-bom:4.1.0=compileClasspath
io.micronaut.kubernetes:micronaut-kubernetes-bom:5.1.0=compileClasspath
io.micronaut.liquibase:micronaut-liquibase-bom:6.1.0=compileClasspath
io.micronaut.logging:micronaut-logging-bom:1.1.3=compileClasspath
io.micronaut.micrometer:micronaut-micrometer-bom:5.2.0=compileClasspath
io.micronaut.microstream:micronaut-microstream-bom:2.2.0=compileClasspath
io.micronaut.mongodb:micronaut-mongo-bom:5.1.0=compileClasspath
io.micronaut.mqtt:micronaut-mqtt-bom:3.1.0=compileClasspath
io.micronaut.multitenancy:micronaut-multitenancy-bom:5.1.0=compileClasspath
io.micronaut.nats:micronaut-nats-bom:4.1.0=compileClasspath
io.micronaut.neo4j:micronaut-neo4j-bom:6.2.0=compileClasspath
io.micronaut.objectstorage:micronaut-object-storage-bom:2.2.0=compileClasspath
io.micronaut.openapi:micronaut-openapi-bom:6.1.0=compileClasspath
io.micronaut.oraclecloud:micronaut-oraclecloud-bom:3.1.0=compileClasspath
io.micronaut.picocli:micronaut-picocli-bom:5.1.0=compileClasspath
io.micronaut.platform:micronaut-platform:4.2.2=compileClasspath
io.micronaut.problem:micronaut-problem-json-bom:3.1.0=compileClasspath
io.micronaut.pulsar:micronaut-pulsar-bom:2.1.0=compileClasspath
io.micronaut.r2dbc:micronaut-r2dbc-bom:5.2.0=compileClasspath
io.micronaut.rabbitmq:micronaut-rabbitmq-bom:4.2.0=compileClasspath
io.micronaut.reactor:micronaut-reactor-bom:3.1.0=compileClasspath
io.micronaut.redis:micronaut-redis-bom:6.1.0=compileClasspath
io.micronaut.rss:micronaut-rss-bom:4.1.0=compileClasspath
io.micronaut.rxjava2:micronaut-rxjava2-bom:2.1.0=compileClasspath
io.micronaut.rxjava3:micronaut-rxjava3-bom:3.1.0=compileClasspath
io.micronaut.security:micronaut-security-bom:4.4.0=compileClasspath
io.micronaut.serde:micronaut-serde-api:2.4.0=compileClasspath
io.micronaut.serde:micronaut-serde-bom:2.4.0=compileClasspath
io.micronaut.serde:micronaut-serde-jackson:2.4.0=compileClasspath
io.micronaut.serde:micronaut-serde-processor:2.4.0=compileClasspath
io.micronaut.servlet:micronaut-servlet-bom:4.2.1=compileClasspath
io.micronaut.session:micronaut-session-bom:4.1.0=compileClasspath
io.micronaut.spring:micronaut-spring-bom:5.2.0=compileClasspath
io.micronaut.sql:micronaut-sql-bom:5.2.0=compileClasspath
io.micronaut.test:micronaut-test-bom:4.1.1=compileClasspath
io.micronaut.testresources:micronaut-test-resources-bom:2.2.0=compileClasspath
io.micronaut.toml:micronaut-toml-bom:2.1.0=compileClasspath
io.micronaut.tracing:micronaut-tracing-bom:6.2.0=compileClasspath
io.micronaut.validation:micronaut-validation-bom:4.2.0=compileClasspath
io.micronaut.views:micronaut-views-bom:5.0.1=compileClasspath
io.micronaut.xml:micronaut-jackson-xml-bom:4.1.0=compileClasspath
io.micronaut:micronaut-aop:4.2.2=compileClasspath
io.micronaut:micronaut-buffer-netty:4.2.2=compileClasspath
io.micronaut:micronaut-context:4.2.2=compileClasspath
io.micronaut:micronaut-core-bom:4.2.2=compileClasspath
io.micronaut:micronaut-core-processor:4.2.2=compileClasspath
io.micronaut:micronaut-core-reactive:4.2.2=compileClasspath
io.micronaut:micronaut-core:4.2.2=compileClasspath
io.micronaut:micronaut-discovery-core:4.2.2=compileClasspath
io.micronaut:micronaut-graal:4.2.2=compileClasspath
io.micronaut:micronaut-http-client-core:4.2.2=compileClasspath
io.micronaut:micronaut-http-client:4.2.2=compileClasspath
io.micronaut:micronaut-http-netty:4.2.2=compileClasspath
io.micronaut:micronaut-http-server-netty:4.2.2=compileClasspath
io.micronaut:micronaut-http-server:4.2.2=compileClasspath
io.micronaut:micronaut-http-validation:4.2.2=compileClasspath
io.micronaut:micronaut-http:4.2.2=compileClasspath
io.micronaut:micronaut-inject-java:4.2.2=compileClasspath
io.micronaut:micronaut-inject:4.2.2=compileClasspath
io.micronaut:micronaut-jackson-core:4.2.2=compileClasspath
io.micronaut:micronaut-json-core:4.2.2=compileClasspath
io.micronaut:micronaut-management:4.2.2=compileClasspath
io.micronaut:micronaut-router:4.2.2=compileClasspath
io.micronaut:micronaut-websocket:4.2.2=compileClasspath
io.netty:netty-bom:4.1.103.Final=compileClasspath
io.netty:netty-buffer:4.1.103.Final=compileClasspath
io.netty:netty-codec-http2:4.1.103.Final=compileClasspath
io.netty:netty-codec-http:4.1.103.Final=compileClasspath
io.netty:netty-codec-socks:4.1.103.Final=compileClasspath
io.netty:netty-codec:4.1.103.Final=compileClasspath
io.netty:netty-common:4.1.103.Final=compileClasspath
io.netty:netty-handler-proxy:4.1.103.Final=compileClasspath
io.netty:netty-handler:4.1.103.Final=compileClasspath
io.netty:netty-resolver:4.1.103.Final=compileClasspath
io.netty:netty-transport-native-unix-common:4.1.103.Final=compileClasspath
io.netty:netty-transport:4.1.103.Final=compileClasspath
io.opentelemetry.instrumentation:opentelemetry-instrumentation-bom-alpha:1.31.0-alpha=compileClasspath
io.opentelemetry.instrumentation:opentelemetry-instrumentation-bom:1.31.0=compileClasspath
io.opentelemetry:opentelemetry-bom-alpha:1.31.0-alpha=compileClasspath
io.opentelemetry:opentelemetry-bom:1.31.0=compileClasspath
io.projectreactor:reactor-bom:2022.0.12=compileClasspath
io.rest-assured:rest-assured-bom:5.3.2=compileClasspath
io.zipkin.brave:brave-bom:5.16.0=compileClasspath
io.zipkin.reporter2:zipkin-reporter-bom:2.16.4=compileClasspath
jakarta.annotation:jakarta.annotation-api:2.1.1=compileClasspath
jakarta.inject:jakarta.inject-api:2.0.1=compileClasspath
org.apache.groovy:groovy-bom:4.0.16=compileClasspath
org.apache.logging.log4j:log4j-bom:2.20.0=compileClasspath
org.jdbi:jdbi3-bom:3.41.3=compileClasspath
org.jetbrains.kotlin:kotlin-bom:1.9.21=compileClasspath
org.jetbrains.kotlinx:kotlinx-coroutines-bom:1.7.3=compileClasspath
org.junit:junit-bom:5.10.1=compileClasspath
org.ow2.asm:asm-commons:9.6=compileClasspath
org.ow2.asm:asm-tree:9.6=compileClasspath
org.ow2.asm:asm:9.6=compileClasspath
org.reactivestreams:reactive-streams:1.0.4=compileClasspath
org.slf4j:slf4j-api:2.0.9=compileClasspath
org.spockframework:spock-bom:2.3-groovy-4.0=compileClasspath
org.springframework:spring-framework-bom:6.0.13=compileClasspath
org.testcontainers:testcontainers-bom:1.18.3=compileClasspath
software.amazon.awssdk:bom:2.20.162=compileClasspath
empty=
